// !$*UTF8*$!
{
	archiveVersion = 1;
	classes = {
	};
	objectVersion = 46;
	objects = {

/* Begin PBXBuildFile section */
		24E4FA6D1E1F953E00AAD159 /* main.cpp in Sources */ = {isa = PBXBuildFile; fileRef = 24E4FA6C1E1F953E00AAD159 /* main.cpp */; };
/* End PBXBuildFile section */

/* Begin PBXCopyFilesBuildPhase section */
		24E4FA671E1F953E00AAD159 /* CopyFiles */ = {
			isa = PBXCopyFilesBuildPhase;
			buildActionMask = 2147483647;
			dstPath = /usr/share/man/man1/;
			dstSubfolderSpec = 0;
			files = (
			);
			runOnlyForDeploymentPostprocessing = 1;
		};
/* End PBXCopyFilesBuildPhase section */

/* Begin PBXFileReference section */
		24E4FA691E1F953E00AAD159 /* TestSnippets */ = {isa = PBXFileReference; explicitFileType = "compiled.mach-o.executable"; includeInIndex = 0; path = TestSnippets; sourceTree = BUILT_PRODUCTS_DIR; };
		24E4FA6C1E1F953E00AAD159 /* main.cpp */ = {isa = PBXFileReference; lastKnownFileType = sourcecode.cpp.cpp; path = main.cpp; sourceTree = "<group>"; };
		24E4FA731E1F95A600AAD159 /* codes.h */ = {isa = PBXFileReference; fileEncoding = 4; lastKnownFileType = sourcecode.c.h; path = codes.h; sourceTree = "<group>"; };
/* End PBXFileReference section */

/* Begin PBXFrameworksBuildPhase section */
		24E4FA661E1F953E00AAD159 /* Frameworks */ = {
			isa = PBXFrameworksBuildPhase;
			buildActionMask = 2147483647;
			files = (
			);
			runOnlyForDeploymentPostprocessing = 0;
		};
/* End PBXFrameworksBuildPhase section */

/* Begin PBXGroup section */
		24E4FA601E1F953E00AAD159 = {
			isa = PBXGroup;
			children = (
				24E4FA6B1E1F953E00AAD159 /* TestSnippets */,
				24E4FA6A1E1F953E00AAD159 /* Products */,
			);
			sourceTree = "<group>";
		};
		24E4FA6A1E1F953E00AAD159 /* Products */ = {
			isa = PBXGroup;
			children = (
				24E4FA691E1F953E00AAD159 /* TestSnippets */,
			);
			name = Products;
			sourceTree = "<group>";
		};
		24E4FA6B1E1F953E00AAD159 /* TestSnippets */ = {
			isa = PBXGroup;
			children = (
				24E4FA6C1E1F953E00AAD159 /* main.cpp */,
				24E4FA731E1F95A600AAD159 /* codes.h */,
			);
			path = TestSnippets;
			sourceTree = "<group>";
		};
/* End PBXGroup section */

/* Begin PBXNativeTarget section */
		24E4FA681E1F953E00AAD159 /* TestSnippets */ = {
			isa = PBXNativeTarget;
			buildConfigurationList = 24E4FA701E1F953E00AAD159 /* Build configuration list for PBXNativeTarget "TestSnippets" */;
			buildPhases = (
				24E4FA651E1F953E00AAD159 /* Sources */,
				24E4FA661E1F953E00AAD159 /* Frameworks */,
				24E4FA671E1F953E00AAD159 /* CopyFiles */,
			);
			buildRules = (
			);
			dependencies = (
			);
			name = TestSnippets;
			productName = TestSnippets;
			productReference = 24E4FA691E1F953E00AAD159 /* TestSnippets */;
			productType = "com.apple.product-type.tool";
		};
/* End PBXNativeTarget section */

/* Begin PBXProject section */
		24E4FA611E1F953E00AAD159 /* Project object */ = {
			isa = PBXProject;
			attributes = {
				LastUpgradeCheck = 0610;
				ORGANIZATIONNAME = "Seung-Chan Kim";
				TargetAttributes = {
					24E4FA681E1F953E00AAD159 = {
						CreatedOnToolsVersion = 6.1.1;
					};
				};
			};
			buildConfigurationList = 24E4FA641E1F953E00AAD159 /* Build configuration list for PBXProject "TestSnippets" */;
			compatibilityVersion = "Xcode 3.2";
			developmentRegion = English;
			hasScannedForEncodings = 0;
			knownRegions = (
				en,
			);
			mainGroup = 24E4FA601E1F953E00AAD159;
			productRefGroup = 24E4FA6A1E1F953E00AAD159 /* Products */;
			projectDirPath = "";
			projectRoot = "";
			targets = (
				24E4FA681E1F953E00AAD159 /* TestSnippets */,
			);
		};
/* End PBXProject section */

/* Begin PBXSourcesBuildPhase section */
		24E4FA651E1F953E00AAD159 /* Sources */ = {
			isa = PBXSourcesBuildPhase;
			buildActionMask = 2147483647;
			files = (
				24E4FA6D1E1F953E00AAD159 /* main.cpp in Sources */,
			);
			runOnlyForDeploymentPostprocessing = 0;
		};
/* End PBXSourcesBuildPhase section */

/* Begin XCBuildConfiguration section */
		24E4FA6E1E1F953E00AAD159 /* Debug */ = {
			isa = XCBuildConfiguration;
			buildSettings = {
				ALWAYS_SEARCH_USER_PATHS = NO;
				CLANG_CXX_LANGUAGE_STANDARD = "gnu++0x";
				CLANG_CXX_LIBRARY = "libc++";
				CLANG_ENABLE_MODULES = YES;
				CLANG_ENABLE_OBJC_ARC = YES;
				CLANG_WARN_BOOL_CONVERSION = YES;
				CLANG_WARN_CONSTANT_CONVERSION = YES;
				CLANG_WARN_DIRECT_OBJC_ISA_USAGE = YES_ERROR;
				CLANG_WARN_EMPTY_BODY = YES;
				CLANG_WARN_ENUM_CONVERSION = YES;
				CLANG_WARN_INT_CONVERSION = YES;
				CLANG_WARN_OBJC_ROOT_CLASS = YES_ERROR;
				CLANG_WARN_UNREACHABLE_CODE = YES;
				CLANG_WARN__DUPLICATE_METHOD_MATCH = YES;
				COPY_PHASE_STRIP = NO;
				ENABLE_STRICT_OBJC_MSGSEND = YES;
				GCC_C_LANGUAGE_STANDARD = gnu99;
				GCC_DYNAMIC_NO_PIC = NO;
				GCC_OPTIMIZATION_LEVEL = 0;
				GCC_PREPROCESSOR_DEFINITIONS = (
					"DEBUG=1",
					"$(inherited)",
				);
				GCC_SYMBOLS_PRIVATE_EXTERN = NO;
				GCC_WARN_64_TO_32_BIT_CONVERSION = YES;
				GCC_WARN_ABOUT_RETURN_TYPE = YES_ERROR;
				GCC_WARN_UNDECLARED_SELECTOR = YES;
				GCC_WARN_UNINITIALIZED_AUTOS = YES_AGGRESSIVE;
				GCC_WARN_UNUSED_FUNCTION = YES;
				GCC_WARN_UNUSED_VARIABLE = YES;
				MACOSX_DEPLOYMENT_TARGET = 10.9;
				MTL_ENABLE_DEBUG_INFO = YES;
				ONLY_ACTIVE_ARCH = YES;
				SDKROOT = macosx;
			};
			name = Debug;
		};
		24E4FA6F1E1F953E00AAD159 /* Release */ = {
			isa = XCBuildConfiguration;
			buildSettings = {
				ALWAYS_SEARCH_USER_PATHS = NO;
				CLANG_CXX_LANGUAGE_STANDARD = "gnu++0x";
				CLANG_CXX_LIBRARY = "libc++";
				CLANG_ENABLE_MODULES = YES;
				CLANG_ENABLE_OBJC_ARC = YES;
				CLANG_WARN_BOOL_CONVERSION = YES;
				CLANG_WARN_CONSTANT_CONVERSION = YES;
				CLANG_WARN_DIRECT_OBJC_ISA_USAGE = YES_ERROR;
				CLANG_WARN_EMPTY_BODY = YES;
				CLANG_WARN_ENUM_CONVERSION = YES;
				CLANG_WARN_INT_CONVERSION = YES;
				CLANG_WARN_OBJC_ROOT_CLASS = YES_ERROR;
				CLANG_WARN_UNREACHABLE_CODE = YES;
				CLANG_WARN__DUPLICATE_METHOD_MATCH = YES;
				COPY_PHASE_STRIP = YES;
				DEBUG_INFORMATION_FORMAT = "dwarf-with-dsym";
				ENABLE_NS_ASSERTIONS = NO;
				ENABLE_STRICT_OBJC_MSGSEND = YES;
				GCC_C_LANGUAGE_STANDARD = gnu99;
				GCC_WARN_64_TO_32_BIT_CONVERSION = YES;
				GCC_WARN_ABOUT_RETURN_TYPE = YES_ERROR;
				GCC_WARN_UNDECLARED_SELECTOR = YES;
				GCC_WARN_UNINITIALIZED_AUTOS = YES_AGGRESSIVE;
				GCC_WARN_UNUSED_FUNCTION = YES;
				GCC_WARN_UNUSED_VARIABLE = YES;
				MACOSX_DEPLOYMENT_TARGET = 10.9;
				MTL_ENABLE_DEBUG_INFO = NO;
				SDKROOT = macosx;
			};
			name = Release;
		};
		24E4FA711E1F953E00AAD159 /* Debug */ = {
			isa = XCBuildConfiguration;
			buildSettings = {
				PRODUCT_NAME = "$(TARGET_NAME)";
			};
			name = Debug;
		};
		24E4FA721E1F953E00AAD159 /* Release */ = {
			isa = XCBuildConfiguration;
			buildSettings = {
				PRODUCT_NAME = "$(TARGET_NAME)";
			};
			name = Release;
		};
/* End XCBuildConfiguration section */

/* Begin XCConfigurationList section */
		24E4FA641E1F953E00AAD159 /* Build configuration list for PBXProject "TestSnippets" */ = {
			isa = XCConfigurationList;
			buildConfigurations = (
				24E4FA6E1E1F953E00AAD159 /* Debug */,
				24E4FA6F1E1F953E00AAD159 /* Release */,
			);
			defaultConfigurationIsVisible = 0;
			defaultConfigurationName = Release;
		};
		24E4FA701E1F953E00AAD159 /* Build configuration list for PBXNativeTarget "TestSnippets" */ = {
			isa = XCConfigurationList;
			buildConfigurations = (
				24E4FA711E1F953E00AAD159 /* Debug */,
				24E4FA721E1F953E00AAD159 /* Release */,
			);
			defaultConfigurationIsVisible = 0;
		};
/* End XCConfigurationList section */
	};
	rootObject = 24E4FA611E1F953E00AAD159 /* Project object */;
}
